
Microsoft Visual Studio Solution File, Format Version 12.00
# Visual Studio Version 17
VisualStudioVersion = 17.11.35312.102
MinimumVisualStudioVersion = 10.0.40219.1
Project("{FAE04EC0-301F-11D3-BF4B-00C04F79EFBC}") = "Proyecto_1", "Proyecto_1\Proyecto_1.csproj", "{BD79D53D-42FB-43C4-8AFE-3ADEB1297254}"
EndProject
Global
	GlobalSection(SolutionConfigurationPlatforms) = preSolution
		Debug|Any CPU = Debug|Any CPU
		Release|Any CPU = Release|Any CPU
	EndGlobalSection
	GlobalSection(ProjectConfigurationPlatforms) = postSolution
		{BD79D53D-42FB-43C4-8AFE-3ADEB1297254}.Debug|Any CPU.ActiveCfg = Debug|Any CPU
		{BD79D53D-42FB-43C4-8AFE-3ADEB1297254}.Debug|Any CPU.Build.0 = Debug|Any CPU
		{BD79D53D-42FB-43C4-8AFE-3ADEB1297254}.Release|Any CPU.ActiveCfg = Release|Any CPU
		{BD79D53D-42FB-43C4-8AFE-3ADEB1297254}.Release|Any CPU.Build.0 = Release|Any CPU
	EndGlobalSection
	GlobalSection(SolutionProperties) = preSolution
		HideSolutionNode = FALSE
	EndGlobalSection
	GlobalSection(ExtensibilityGlobals) = postSolution
		SolutionGuid = {259A1F26-6261-40F4-A847-3ABA9A2732B7}
	EndGlobalSection
EndGlobal
